
Microsoft Visual Studio Solution File, Format Version 12.00
# Visual Studio Version 17
VisualStudioVersion = 17.13.35818.85 d17.13
MinimumVisualStudioVersion = 10.0.40219.1
Project("{FAE04EC0-301F-11D3-BF4B-00C04F79EFBC}") = "bai2", "bai2\bai2.csproj", "{BEC5DCFC-8C1C-464E-B336-8B2720299BAB}"
EndProject
Global
	GlobalSection(SolutionConfigurationPlatforms) = preSolution
		Debug|Any CPU = Debug|Any CPU
		Release|Any CPU = Release|Any CPU
	EndGlobalSection
	GlobalSection(ProjectConfigurationPlatforms) = postSolution
		{BEC5DCFC-8C1C-464E-B336-8B2720299BAB}.Debug|Any CPU.ActiveCfg = Debug|Any CPU
		{BEC5DCFC-8C1C-464E-B336-8B2720299BAB}.Debug|Any CPU.Build.0 = Debug|Any CPU
		{BEC5DCFC-8C1C-464E-B336-8B2720299BAB}.Release|Any CPU.ActiveCfg = Release|Any CPU
		{BEC5DCFC-8C1C-464E-B336-8B2720299BAB}.Release|Any CPU.Build.0 = Release|Any CPU
	EndGlobalSection
	GlobalSection(SolutionProperties) = preSolution
		HideSolutionNode = FALSE
	EndGlobalSection
	GlobalSection(ExtensibilityGlobals) = postSolution
		SolutionGuid = {3ABA2045-5CFA-478E-8DBB-91CC03F0B53B}
	EndGlobalSection
EndGlobal
